// !$*UTF8*$!
{
	archiveVersion = 1;
	classes = {
	};
	objectVersion = 77;
	objects = {

/* Begin PBXBuildFile section */
		CA347D7C3000EE1700F47009 /* SQLiteData in Frameworks */ = {isa = PBXBuildFile; productRef = CA347D7B3000EE1700F47009 /* SQLiteData */; };
		CA881BC72FF418B200AA3125 /* Alamofire in Frameworks */ = {isa = PBXBuildFile; productRef = CA881BC62FF418B200AA3125 /* Alamofire */; };
/* End PBXBuildFile section */

/* Begin PBXContainerItemProxy section */
		A11900013000000000000001 /* PBXContainerItemProxy */ = {
			isa = PBXContainerItemProxy;
			containerPortal = CA881A982FF3FF9800AA3125 /* Project object */;
			proxyType = 1;
			remoteGlobalIDString = CA881A9F2FF3FF9800AA3125;
			remoteInfo = "zipzip-iOS";
		};
/* End PBXContainerItemProxy section */

/* Begin PBXFileReference section */
		A11000013000000000000001 /* zipzip-iOSTests.xctest */ = {isa = PBXFileReference; explicitFileType = wrapper.cfbundle; includeInIndex = 0; path = "zipzip-iOSTests.xctest"; sourceTree = BUILT_PRODUCTS_DIR; };
		CA881AA02FF3FF9800AA3125 /* zipzip-iOS.app */ = {isa = PBXFileReference; explicitFileType = wrapper.application; includeInIndex = 0; path = "zipzip-iOS.app"; sourceTree = BUILT_PRODUCTS_DIR; };
/* End PBXFileReference section */

/* Begin PBXFileSystemSynchronizedBuildFileExceptionSet section */
		CA881B242FF415EC00AA3125 /* Exceptions for "zipzip-iOS" folder in "zipzip-iOS" target */ = {
			isa = PBXFileSystemSynchronizedBuildFileExceptionSet;
			membershipExceptions = (
				App/Info.plist,
				Core/Extensions/.gitkeep,
				Shared/Component/.gitkeep,
				Shared/Model/.gitkeep,
			);
			target = CA881A9F2FF3FF9800AA3125 /* zipzip-iOS */;
		};
/* End PBXFileSystemSynchronizedBuildFileExceptionSet section */

/* Begin PBXFileSystemSynchronizedRootGroup section */
		A11100013000000000000001 /* zipzip-iOSTests */ = {
			isa = PBXFileSystemSynchronizedRootGroup;
			path = "zipzip-iOSTests";
			sourceTree = "<group>";
		};
		CA881AA22FF3FF9800AA3125 /* zipzip-iOS */ = {
			isa = PBXFileSystemSynchronizedRootGroup;
			exceptions = (
				CA881B242FF415EC00AA3125 /* Exceptions for "zipzip-iOS" folder in "zipzip-iOS" target */,
			);
			path = "zipzip-iOS";
			sourceTree = "<group>";
		};
/* End PBXFileSystemSynchronizedRootGroup section */

/* Begin PBXFrameworksBuildPhase section */
		A11200013000000000000001 /* Frameworks */ = {
			isa = PBXFrameworksBuildPhase;
			buildActionMask = 2147483647;
			files = (
			);
			runOnlyForDeploymentPostprocessing = 0;
		};
		CA881A9D2FF3FF9800AA3125 /* Frameworks */ = {
			isa = PBXFrameworksBuildPhase;
			buildActionMask = 2147483647;
			files = (
				CA347D7C3000EE1700F47009 /* SQLiteData in Frameworks */,
				CA881BC72FF418B200AA3125 /* Alamofire in Frameworks */,
			);
			runOnlyForDeploymentPostprocessing = 0;
		};
/* End PBXFrameworksBuildPhase section */

/* Begin PBXGroup section */
		CA881A972FF3FF9800AA3125 = {
			isa = PBXGroup;
			children = (
				CA881AA22FF3FF9800AA3125 /* zipzip-iOS */,
				A11100013000000000000001 /* zipzip-iOSTests */,
				CA881AA12FF3FF9800AA3125 /* Products */,
			);
			sourceTree = "<group>";
		};
		CA881AA12FF3FF9800AA3125 /* Products */ = {
			isa = PBXGroup;
			children = (
				CA881AA02FF3FF9800AA3125 /* zipzip-iOS.app */,
				A11000013000000000000001 /* zipzip-iOSTests.xctest */,
			);
			name = Products;
			sourceTree = "<group>";
		};
/* End PBXGroup section */

/* Begin PBXNativeTarget section */
		A11500013000000000000001 /* zipzip-iOSTests */ = {
			isa = PBXNativeTarget;
			buildConfigurationList = A11600013000000000000001 /* Build configuration list for PBXNativeTarget "zipzip-iOSTests" */;
			buildPhases = (
				A11400013000000000000001 /* Sources */,
				A11200013000000000000001 /* Frameworks */,
				A11300013000000000000001 /* Resources */,
			);
			buildRules = (
			);
			dependencies = (
				A12000013000000000000001 /* PBXTargetDependency */,
			);
			fileSystemSynchronizedGroups = (
				A11100013000000000000001 /* zipzip-iOSTests */,
			);
			name = "zipzip-iOSTests";
			packageProductDependencies = (
			);
			productName = "zipzip-iOSTests";
			productReference = A11000013000000000000001 /* zipzip-iOSTests.xctest */;
			productType = "com.apple.product-type.bundle.unit-test";
		};
		CA881A9F2FF3FF9800AA3125 /* zipzip-iOS */ = {
			isa = PBXNativeTarget;
			buildConfigurationList = CA881AAD2FF3FF9800AA3125 /* Build configuration list for PBXNativeTarget "zipzip-iOS" */;
			buildPhases = (
				CA881D002FF5000000AA3125 /* SwiftFormat */,
				CA881A9C2FF3FF9800AA3125 /* Sources */,
				CA881A9D2FF3FF9800AA3125 /* Frameworks */,
				CA881A9E2FF3FF9800AA3125 /* Resources */,
			);
			buildRules = (
			);
			dependencies = (
			);
			fileSystemSynchronizedGroups = (
				CA881AA22FF3FF9800AA3125 /* zipzip-iOS */,
			);
			name = "zipzip-iOS";
			packageProductDependencies = (
				CA881BC62FF418B200AA3125 /* Alamofire */,
				CA347D7B3000EE1700F47009 /* SQLiteData */,
			);
			productName = "zipzip-iOS";
			productReference = CA881AA02FF3FF9800AA3125 /* zipzip-iOS.app */;
			productType = "com.apple.product-type.application";
		};
/* End PBXNativeTarget section */

/* Begin PBXProject section */
		CA881A982FF3FF9800AA3125 /* Project object */ = {
			isa = PBXProject;
			attributes = {
				BuildIndependentTargetsInParallel = 1;
				LastSwiftUpdateCheck = 2660;
				LastUpgradeCheck = 2660;
				TargetAttributes = {
					A11500013000000000000001 = {
						CreatedOnToolsVersion = 26.6;
						TestTargetID = CA881A9F2FF3FF9800AA3125;
					};
					CA881A9F2FF3FF9800AA3125 = {
						CreatedOnToolsVersion = 26.6;
					};
				};
			};
			buildConfigurationList = CA881A9B2FF3FF9800AA3125 /* Build configuration list for PBXProject "zipzip-iOS" */;
			developmentRegion = ko;
			hasScannedForEncodings = 0;
			knownRegions = (
				en,
				Base,
				ko,
			);
			mainGroup = CA881A972FF3FF9800AA3125;
			minimizedProjectReferenceProxies = 1;
			packageReferences = (
				CA881BC52FF418B200AA3125 /* XCRemoteSwiftPackageReference "Alamofire" */,
				CA881D012FF5000000AA3125 /* XCRemoteSwiftPackageReference "SwiftLintPlugins" */,
				CA347D7A3000EE1700F47009 /* XCRemoteSwiftPackageReference "sqlite-data" */,
			);
			preferredProjectObjectVersion = 77;
			productRefGroup = CA881AA12FF3FF9800AA3125 /* Products */;
			projectDirPath = "";
			projectRoot = "";
			targets = (
				CA881A9F2FF3FF9800AA3125 /* zipzip-iOS */,
				A11500013000000000000001 /* zipzip-iOSTests */,
			);
		};
/* End PBXProject section */

/* Begin PBXResourcesBuildPhase section */
		A11300013000000000000001 /* Resources */ = {
			isa = PBXResourcesBuildPhase;
			buildActionMask = 2147483647;
			files = (
			);
			runOnlyForDeploymentPostprocessing = 0;
		};
		CA881A9E2FF3FF9800AA3125 /* Resources */ = {
			isa = PBXResourcesBuildPhase;
			buildActionMask = 2147483647;
			files = (
			);
			runOnlyForDeploymentPostprocessing = 0;
		};
/* End PBXResourcesBuildPhase section */

/* Begin PBXShellScriptBuildPhase section */
		CA881D002FF5000000AA3125 /* SwiftFormat */ = {
			isa = PBXShellScriptBuildPhase;
			alwaysOutOfDate = 1;
			buildActionMask = 2147483647;
			files = (
			);
			inputFileListPaths = (
			);
			inputPaths = (
			);
			name = SwiftFormat;
			outputFileListPaths = (
			);
			outputPaths = (
			);
			runOnlyForDeploymentPostprocessing = 0;
			shellPath = /bin/sh;
			shellScript = "set -e\nexport SDKROOT=\"$(xcrun --sdk macosx --show-sdk-path)\"\nswift run -c release --package-path BuildTools swiftformat \"$SRCROOT\"\n";
		};
/* End PBXShellScriptBuildPhase section */

/* Begin PBXSourcesBuildPhase section */
		A11400013000000000000001 /* Sources */ = {
			isa = PBXSourcesBuildPhase;
			buildActionMask = 2147483647;
			files = (
			);
			runOnlyForDeploymentPostprocessing = 0;
		};
		CA881A9C2FF3FF9800AA3125 /* Sources */ = {
			isa = PBXSourcesBuildPhase;
			buildActionMask = 2147483647;
			files = (
			);
			runOnlyForDeploymentPostprocessing = 0;
		};
/* End PBXSourcesBuildPhase section */

/* Begin PBXTargetDependency section */
		A12000013000000000000001 /* PBXTargetDependency */ = {
			isa = PBXTargetDependency;
			target = CA881A9F2FF3FF9800AA3125 /* zipzip-iOS */;
			targetProxy = A11900013000000000000001 /* PBXContainerItemProxy */;
		};
/* End PBXTargetDependency section */

/* Begin XCBuildConfiguration section */
		A11700013000000000000001 /* Debug */ = {
			isa = XCBuildConfiguration;
			buildSettings = {
				BUNDLE_LOADER = "$(TEST_HOST)";
				CODE_SIGN_STYLE = Automatic;
				CURRENT_PROJECT_VERSION = 1;
				GENERATE_INFOPLIST_FILE = YES;
				IPHONEOS_DEPLOYMENT_TARGET = 26.0;
				LD_RUNPATH_SEARCH_PATHS = (
					"$(inherited)",
					"@executable_path/Frameworks",
					"@loader_path/Frameworks",
				);
				PRODUCT_BUNDLE_IDENTIFIER = app.zipzip.ios.tests;
				PRODUCT_NAME = "$(TARGET_NAME)";
				SWIFT_APPROACHABLE_CONCURRENCY = YES;
				SWIFT_DEFAULT_ACTOR_ISOLATION = MainActor;
				SWIFT_VERSION = 5.0;
				TARGETED_DEVICE_FAMILY = "1,2";
				TEST_HOST = "$(BUILT_PRODUCTS_DIR)/zipzip-iOS.app/$(BUNDLE_EXECUTABLE_FOLDER_PATH)/zipzip-iOS";
			};
			name = Debug;
		};
		A11800013000000000000001 /* Release */ = {
			isa = XCBuildConfiguration;
			buildSettings = {
				BUNDLE_LOADER = "$(TEST_HOST)";
				CODE_SIGN_STYLE = Automatic;
				CURRENT_PROJECT_VERSION = 1;
				GENERATE_INFOPLIST_FILE = YES;
				IPHONEOS_DEPLOYMENT_TARGET = 26.0;
				LD_RUNPATH_SEARCH_PATHS = (
					"$(inherited)",
					"@executable_path/Frameworks",
					"@loader_path/Frameworks",
				);
				PRODUCT_BUNDLE_IDENTIFIER = app.zipzip.ios.tests;
				PRODUCT_NAME = "$(TARGET_NAME)";
				SWIFT_APPROACHABLE_CONCURRENCY = YES;
				SWIFT_DEFAULT_ACTOR_ISOLATION = MainActor;
				SWIFT_VERSION = 5.0;
				TARGETED_DEVICE_FAMILY = "1,2";
				TEST_HOST = "$(BUILT_PRODUCTS_DIR)/zipzip-iOS.app/$(BUNDLE_EXECUTABLE_FOLDER_PATH)/zipzip-iOS";
			};
			name = Release;
		};
		CA881AAB2FF3FF9800AA3125 /* Debug */ = {
			isa = XCBuildConfiguration;
			baseConfigurationReferenceAnchor = CA881AA22FF3FF9800AA3125 /* zipzip-iOS */;
			baseConfigurationReferenceRelativePath = App/Config.xcconfig;
			buildSettings = {
				ALWAYS_SEARCH_USER_PATHS = NO;
				ASSETCATALOG_COMPILER_GENERATE_SWIFT_ASSET_SYMBOL_EXTENSIONS = YES;
				CLANG_ANALYZER_NONNULL = YES;
				CLANG_ANALYZER_NUMBER_OBJECT_CONVERSION = YES_AGGRESSIVE;
				CLANG_CXX_LANGUAGE_STANDARD = "gnu++20";
				CLANG_ENABLE_MODULES = YES;
				CLANG_ENABLE_OBJC_ARC = YES;
				CLANG_ENABLE_OBJC_WEAK = YES;
				CLANG_WARN_BLOCK_CAPTURE_AUTORELEASING = YES;
				CLANG_WARN_BOOL_CONVERSION = YES;
				CLANG_WARN_COMMA = YES;
				CLANG_WARN_CONSTANT_CONVERSION = YES;
				CLANG_WARN_DEPRECATED_OBJC_IMPLEMENTATIONS = YES;
				CLANG_WARN_DIRECT_OBJC_ISA_USAGE = YES_ERROR;
				CLANG_WARN_DOCUMENTATION_COMMENTS = YES;
				CLANG_WARN_EMPTY_BODY = YES;
				CLANG_WARN_ENUM_CONVERSION = YES;
				CLANG_WARN_INFINITE_RECURSION = YES;
				CLANG_WARN_INT_CONVERSION = YES;
				CLANG_WARN_NON_LITERAL_NULL_CONVERSION = YES;
				CLANG_WARN_OBJC_IMPLICIT_RETAIN_SELF = YES;
				CLANG_WARN_OBJC_LITERAL_CONVERSION = YES;
				CLANG_WARN_OBJC_ROOT_CLASS = YES_ERROR;
				CLANG_WARN_QUOTED_INCLUDE_IN_FRAMEWORK_HEADER = YES;
				CLANG_WARN_RANGE_LOOP_ANALYSIS = YES;
				CLANG_WARN_STRICT_PROTOTYPES = YES;
				CLANG_WARN_SUSPICIOUS_MOVE = YES;
				CLANG_WARN_UNGUARDED_AVAILABILITY = YES_AGGRESSIVE;
				CLANG_WARN_UNREACHABLE_CODE = YES;
				CLANG_WARN__DUPLICATE_METHOD_MATCH = YES;
				COPY_PHASE_STRIP = NO;
				DEBUG_INFORMATION_FORMAT = dwarf;
				ENABLE_STRICT_OBJC_MSGSEND = YES;
				ENABLE_TESTABILITY = YES;
				ENABLE_USER_SCRIPT_SANDBOXING = NO;
				GCC_C_LANGUAGE_STANDARD = gnu17;
				GCC_DYNAMIC_NO_PIC = NO;
				GCC_NO_COMMON_BLOCKS = YES;
				GCC_OPTIMIZATION_LEVEL = 0;
				GCC_PREPROCESSOR_DEFINITIONS = (
					"DEBUG=1",
					"$(inherited)",
				);
				GCC_WARN_64_TO_32_BIT_CONVERSION = YES;
				GCC_WARN_ABOUT_RETURN_TYPE = YES_ERROR;
				GCC_WARN_UNDECLARED_SELECTOR = YES;
				GCC_WARN_UNINITIALIZED_AUTOS = YES_AGGRESSIVE;
				GCC_WARN_UNUSED_FUNCTION = YES;
				GCC_WARN_UNUSED_VARIABLE = YES;
				IPHONEOS_DEPLOYMENT_TARGET = 26.5;
				LOCALIZATION_PREFERS_STRING_CATALOGS = YES;
				MTL_ENABLE_DEBUG_INFO = INCLUDE_SOURCE;
				MTL_FAST_MATH = YES;
				ONLY_ACTIVE_ARCH = YES;
				SDKROOT = iphoneos;
				SWIFT_ACTIVE_COMPILATION_CONDITIONS = "DEBUG $(inherited)";
				SWIFT_OPTIMIZATION_LEVEL = "-Onone";
			};
			name = Debug;
		};
		CA881AAC2FF3FF9800AA3125 /* Release */ = {
			isa = XCBuildConfiguration;
			baseConfigurationReferenceAnchor = CA881AA22FF3FF9800AA3125 /* zipzip-iOS */;
			baseConfigurationReferenceRelativePath = App/Config.xcconfig;
			buildSettings = {
				ALWAYS_SEARCH_USER_PATHS = NO;
				ASSETCATALOG_COMPILER_GENERATE_SWIFT_ASSET_SYMBOL_EXTENSIONS = YES;
				CLANG_ANALYZER_NONNULL = YES;
				CLANG_ANALYZER_NUMBER_OBJECT_CONVERSION = YES_AGGRESSIVE;
				CLANG_CXX_LANGUAGE_STANDARD = "gnu++20";
				CLANG_ENABLE_MODULES = YES;
				CLANG_ENABLE_OBJC_ARC = YES;
				CLANG_ENABLE_OBJC_WEAK = YES;
				CLANG_WARN_BLOCK_CAPTURE_AUTORELEASING = YES;
				CLANG_WARN_BOOL_CONVERSION = YES;
				CLANG_WARN_COMMA = YES;
				CLANG_WARN_CONSTANT_CONVERSION = YES;
				CLANG_WARN_DEPRECATED_OBJC_IMPLEMENTATIONS = YES;
				CLANG_WARN_DIRECT_OBJC_ISA_USAGE = YES_ERROR;
				CLANG_WARN_DOCUMENTATION_COMMENTS = YES;
				CLANG_WARN_EMPTY_BODY = YES;
				CLANG_WARN_ENUM_CONVERSION = YES;
				CLANG_WARN_INFINITE_RECURSION = YES;
				CLANG_WARN_INT_CONVERSION = YES;
				CLANG_WARN_NON_LITERAL_NULL_CONVERSION = YES;
				CLANG_WARN_OBJC_IMPLICIT_RETAIN_SELF = YES;
				CLANG_WARN_OBJC_LITERAL_CONVERSION = YES;
				CLANG_WARN_OBJC_ROOT_CLASS = YES_ERROR;
				CLANG_WARN_QUOTED_INCLUDE_IN_FRAMEWORK_HEADER = YES;
				CLANG_WARN_RANGE_LOOP_ANALYSIS = YES;
				CLANG_WARN_STRICT_PROTOTYPES = YES;
				CLANG_WARN_SUSPICIOUS_MOVE = YES;
				CLANG_WARN_UNGUARDED_AVAILABILITY = YES_AGGRESSIVE;
				CLANG_WARN_UNREACHABLE_CODE = YES;
				CLANG_WARN__DUPLICATE_METHOD_MATCH = YES;
				COPY_PHASE_STRIP = NO;
				DEBUG_INFORMATION_FORMAT = "dwarf-with-dsym";
				ENABLE_NS_ASSERTIONS = NO;
				ENABLE_STRICT_OBJC_MSGSEND = YES;
				ENABLE_USER_SCRIPT_SANDBOXING = NO;
				GCC_C_LANGUAGE_STANDARD = gnu17;
				GCC_NO_COMMON_BLOCKS = YES;
				GCC_WARN_64_TO_32_BIT_CONVERSION = YES;
				GCC_WARN_ABOUT_RETURN_TYPE = YES_ERROR;
				GCC_WARN_UNDECLARED_SELECTOR = YES;
				GCC_WARN_UNINITIALIZED_AUTOS = YES_AGGRESSIVE;
				GCC_WARN_UNUSED_FUNCTION = YES;
				GCC_WARN_UNUSED_VARIABLE = YES;
				IPHONEOS_DEPLOYMENT_TARGET = 26.5;
				LOCALIZATION_PREFERS_STRING_CATALOGS = YES;
				MTL_ENABLE_DEBUG_INFO = NO;
				MTL_FAST_MATH = YES;
				SDKROOT = iphoneos;
				SWIFT_COMPILATION_MODE = wholemodule;
				VALIDATE_PRODUCT = YES;
			};
			name = Release;
		};
		CA881AAE2FF3FF9800AA3125 /* Debug */ = {
			isa = XCBuildConfiguration;
			baseConfigurationReferenceAnchor = CA881AA22FF3FF9800AA3125 /* zipzip-iOS */;
			baseConfigurationReferenceRelativePath = App/Config.xcconfig;
			buildSettings = {
				ASSETCATALOG_COMPILER_APPICON_NAME = AppIcon;
				ASSETCATALOG_COMPILER_GLOBAL_ACCENT_COLOR_NAME = AccentColor;
				CODE_SIGN_ENTITLEMENTS = "zipzip-iOS/App/zipzip-iOS.entitlements";
				"CODE_SIGN_IDENTITY[sdk=iphoneos*]" = "iPhone Developer";
				CODE_SIGN_STYLE = Manual;
				CURRENT_PROJECT_VERSION = 1;
				DEVELOPMENT_TEAM = "";
				"DEVELOPMENT_TEAM[sdk=iphoneos*]" = B28VK9SGQ5;
				ENABLE_PREVIEWS = YES;
				GENERATE_INFOPLIST_FILE = YES;
				INFOPLIST_FILE = "zipzip-iOS/App/Info.plist";
				INFOPLIST_KEY_LSApplicationCategoryType = "public.app-category.utilities";
				INFOPLIST_KEY_UIApplicationSceneManifest_Generation = YES;
				INFOPLIST_KEY_UIApplicationSupportsIndirectInputEvents = YES;
				INFOPLIST_KEY_UILaunchScreen_Generation = YES;
				INFOPLIST_KEY_UISupportedInterfaceOrientations_iPad = "UIInterfaceOrientationPortrait UIInterfaceOrientationPortraitUpsideDown UIInterfaceOrientationLandscapeLeft UIInterfaceOrientationLandscapeRight";
				INFOPLIST_KEY_UISupportedInterfaceOrientations_iPhone = "UIInterfaceOrientationPortrait UIInterfaceOrientationLandscapeLeft UIInterfaceOrientationLandscapeRight";
				IPHONEOS_DEPLOYMENT_TARGET = 26.0;
				LD_RUNPATH_SEARCH_PATHS = (
					"$(inherited)",
					"@executable_path/Frameworks",
				);
				MARKETING_VERSION = 1.0;
				PRODUCT_BUNDLE_IDENTIFIER = app.zipzip.ios;
				PRODUCT_NAME = "$(TARGET_NAME)";
				PROVISIONING_PROFILE_SPECIFIER = "";
				"PROVISIONING_PROFILE_SPECIFIER[sdk=iphoneos*]" = ZipZipDevProvision;
				STRING_CATALOG_GENERATE_SYMBOLS = YES;
				SWIFT_APPROACHABLE_CONCURRENCY = YES;
				SWIFT_DEFAULT_ACTOR_ISOLATION = MainActor;
				SWIFT_EMIT_LOC_STRINGS = YES;
				SWIFT_UPCOMING_FEATURE_MEMBER_IMPORT_VISIBILITY = YES;
				SWIFT_VERSION = 5.0;
				TARGETED_DEVICE_FAMILY = "1,2";
			};
			name = Debug;
		};
		CA881AAF2FF3FF9800AA3125 /* Release */ = {
			isa = XCBuildConfiguration;
			baseConfigurationReferenceAnchor = CA881AA22FF3FF9800AA3125 /* zipzip-iOS */;
			baseConfigurationReferenceRelativePath = App/Config.xcconfig;
			buildSettings = {
				ASSETCATALOG_COMPILER_APPICON_NAME = AppIcon;
				ASSETCATALOG_COMPILER_GLOBAL_ACCENT_COLOR_NAME = AccentColor;
				CODE_SIGN_ENTITLEMENTS = "zipzip-iOS/App/zipzip-iOS.entitlements";
				"CODE_SIGN_IDENTITY[sdk=iphoneos*]" = "iPhone Developer";
				CODE_SIGN_STYLE = Manual;
				CURRENT_PROJECT_VERSION = 1;
				DEVELOPMENT_TEAM = "";
				"DEVELOPMENT_TEAM[sdk=iphoneos*]" = B28VK9SGQ5;
				ENABLE_PREVIEWS = YES;
				GENERATE_INFOPLIST_FILE = YES;
				INFOPLIST_FILE = "zipzip-iOS/App/Info.plist";
				INFOPLIST_KEY_LSApplicationCategoryType = "public.app-category.utilities";
				INFOPLIST_KEY_UIApplicationSceneManifest_Generation = YES;
				INFOPLIST_KEY_UIApplicationSupportsIndirectInputEvents = YES;
				INFOPLIST_KEY_UILaunchScreen_Generation = YES;
				INFOPLIST_KEY_UISupportedInterfaceOrientations_iPad = "UIInterfaceOrientationPortrait UIInterfaceOrientationPortraitUpsideDown UIInterfaceOrientationLandscapeLeft UIInterfaceOrientationLandscapeRight";
				INFOPLIST_KEY_UISupportedInterfaceOrientations_iPhone = "UIInterfaceOrientationPortrait UIInterfaceOrientationLandscapeLeft UIInterfaceOrientationLandscapeRight";
				IPHONEOS_DEPLOYMENT_TARGET = 26.0;
				LD_RUNPATH_SEARCH_PATHS = (
					"$(inherited)",
					"@executable_path/Frameworks",
				);
				MARKETING_VERSION = 1.0;
				PRODUCT_BUNDLE_IDENTIFIER = app.zipzip.ios;
				PRODUCT_NAME = "$(TARGET_NAME)";
				PROVISIONING_PROFILE_SPECIFIER = "";
				"PROVISIONING_PROFILE_SPECIFIER[sdk=iphoneos*]" = ZipZipDevProvision;
				STRING_CATALOG_GENERATE_SYMBOLS = YES;
				SWIFT_APPROACHABLE_CONCURRENCY = YES;
				SWIFT_DEFAULT_ACTOR_ISOLATION = MainActor;
				SWIFT_EMIT_LOC_STRINGS = YES;
				SWIFT_UPCOMING_FEATURE_MEMBER_IMPORT_VISIBILITY = YES;
				SWIFT_VERSION = 5.0;
				TARGETED_DEVICE_FAMILY = "1,2";
			};
			name = Release;
		};
/* End XCBuildConfiguration section */

/* Begin XCConfigurationList section */
		A11600013000000000000001 /* Build configuration list for PBXNativeTarget "zipzip-iOSTests" */ = {
			isa = XCConfigurationList;
			buildConfigurations = (
				A11700013000000000000001 /* Debug */,
				A11800013000000000000001 /* Release */,
			);
			defaultConfigurationIsVisible = 0;
			defaultConfigurationName = Release;
		};
		CA881A9B2FF3FF9800AA3125 /* Build configuration list for PBXProject "zipzip-iOS" */ = {
			isa = XCConfigurationList;
			buildConfigurations = (
				CA881AAB2FF3FF9800AA3125 /* Debug */,
				CA881AAC2FF3FF9800AA3125 /* Release */,
			);
			defaultConfigurationIsVisible = 0;
			defaultConfigurationName = Release;
		};
		CA881AAD2FF3FF9800AA3125 /* Build configuration list for PBXNativeTarget "zipzip-iOS" */ = {
			isa = XCConfigurationList;
			buildConfigurations = (
				CA881AAE2FF3FF9800AA3125 /* Debug */,
				CA881AAF2FF3FF9800AA3125 /* Release */,
			);
			defaultConfigurationIsVisible = 0;
			defaultConfigurationName = Release;
		};
/* End XCConfigurationList section */

/* Begin XCRemoteSwiftPackageReference section */
		CA347D7A3000EE1700F47009 /* XCRemoteSwiftPackageReference "sqlite-data" */ = {
			isa = XCRemoteSwiftPackageReference;
			repositoryURL = "https://github.com/pointfreeco/sqlite-data";
			requirement = {
				kind = upToNextMajorVersion;
				minimumVersion = 1.6.6;
			};
			traits = (
			);
		};
		CA881BC52FF418B200AA3125 /* XCRemoteSwiftPackageReference "Alamofire" */ = {
			isa = XCRemoteSwiftPackageReference;
			repositoryURL = "https://github.com/Alamofire/Alamofire";
			requirement = {
				kind = upToNextMajorVersion;
				minimumVersion = 5.12.0;
			};
		};
		CA881D012FF5000000AA3125 /* XCRemoteSwiftPackageReference "SwiftLintPlugins" */ = {
			isa = XCRemoteSwiftPackageReference;
			repositoryURL = "https://github.com/SimplyDanny/SwiftLintPlugins";
			requirement = {
				kind = exactVersion;
				version = 0.65.0;
			};
		};
/* End XCRemoteSwiftPackageReference section */

/* Begin XCSwiftPackageProductDependency section */
		CA347D7B3000EE1700F47009 /* SQLiteData */ = {
			isa = XCSwiftPackageProductDependency;
			package = CA347D7A3000EE1700F47009 /* XCRemoteSwiftPackageReference "sqlite-data" */;
			productName = SQLiteData;
		};
		CA881BC62FF418B200AA3125 /* Alamofire */ = {
			isa = XCSwiftPackageProductDependency;
			package = CA881BC52FF418B200AA3125 /* XCRemoteSwiftPackageReference "Alamofire" */;
			productName = Alamofire;
		};
/* End XCSwiftPackageProductDependency section */
	};
	rootObject = CA881A982FF3FF9800AA3125 /* Project object */;
}
